
Microsoft Visual Studio Solution File, Format Version 10.00
# Visual Studio 2008
Project("{8BC9CEB8-8B4A-11D0-8D11-00A0C91BC942}") = "TestPrime", "TestPrime\TestPrime.vcproj", "{B0743EB4-1C56-49F3-BE77-D7755022F1A2}"
EndProject
Global
	GlobalSection(SolutionConfigurationPlatforms) = preSolution
		Debug|Win32 = Debug|Win32
		Release|Win32 = Release|Win32
	EndGlobalSection
	GlobalSection(ProjectConfigurationPlatforms) = postSolution
		{B0743EB4-1C56-49F3-BE77-D7755022F1A2}.Debug|Win32.ActiveCfg = Debug|Win32
		{B0743EB4-1C56-49F3-BE77-D7755022F1A2}.Debug|Win32.Build.0 = Debug|Win32
		{B0743EB4-1C56-49F3-BE77-D7755022F1A2}.Release|Win32.ActiveCfg = Release|Win32
		{B0743EB4-1C56-49F3-BE77-D7755022F1A2}.Release|Win32.Build.0 = Release|Win32
	EndGlobalSection
	GlobalSection(SolutionProperties) = preSolution
		HideSolutionNode = FALSE
	EndGlobalSection
EndGlobal
